
Microsoft Visual Studio Solution File, Format Version 12.00
# Visual Studio Version 16
VisualStudioVersion = 16.0.31321.278
MinimumVisualStudioVersion = 10.0.40219.1
Project("{2150E333-8FDC-42A3-9474-1A3956D46DE8}") = "MVcProject", "MVcProject", "{9F5FAF3A-108C-409F-8581-EFED84F95891}"
EndProject
Project("{FAE04EC0-301F-11D3-BF4B-00C04F79EFBC}") = "FullMVCProject", "..\FullMVCProject\FullMVCProject.csproj", "{670E6A0A-98EF-4295-8D51-8B61807B97EA}"
EndProject
Project("{FAE04EC0-301F-11D3-BF4B-00C04F79EFBC}") = "FullMVCProject.Tests", "MVcProject\FullMVCProject.Tests\FullMVCProject.Tests.csproj", "{BAF5A4EE-8AC7-4C16-B61E-1751E9173A36}"
EndProject
Global
	GlobalSection(SolutionConfigurationPlatforms) = preSolution
		Debug|Any CPU = Debug|Any CPU
		Release|Any CPU = Release|Any CPU
	EndGlobalSection
	GlobalSection(ProjectConfigurationPlatforms) = postSolution
		{670E6A0A-98EF-4295-8D51-8B61807B97EA}.Debug|Any CPU.ActiveCfg = Debug|Any CPU
		{670E6A0A-98EF-4295-8D51-8B61807B97EA}.Debug|Any CPU.Build.0 = Debug|Any CPU
		{670E6A0A-98EF-4295-8D51-8B61807B97EA}.Release|Any CPU.ActiveCfg = Release|Any CPU
		{670E6A0A-98EF-4295-8D51-8B61807B97EA}.Release|Any CPU.Build.0 = Release|Any CPU
		{BAF5A4EE-8AC7-4C16-B61E-1751E9173A36}.Debug|Any CPU.ActiveCfg = Debug|Any CPU
		{BAF5A4EE-8AC7-4C16-B61E-1751E9173A36}.Debug|Any CPU.Build.0 = Debug|Any CPU
		{BAF5A4EE-8AC7-4C16-B61E-1751E9173A36}.Release|Any CPU.ActiveCfg = Release|Any CPU
		{BAF5A4EE-8AC7-4C16-B61E-1751E9173A36}.Release|Any CPU.Build.0 = Release|Any CPU
	EndGlobalSection
	GlobalSection(SolutionProperties) = preSolution
		HideSolutionNode = FALSE
	EndGlobalSection
	GlobalSection(NestedProjects) = preSolution
		{670E6A0A-98EF-4295-8D51-8B61807B97EA} = {9F5FAF3A-108C-409F-8581-EFED84F95891}
		{BAF5A4EE-8AC7-4C16-B61E-1751E9173A36} = {9F5FAF3A-108C-409F-8581-EFED84F95891}
	EndGlobalSection
	GlobalSection(ExtensibilityGlobals) = postSolution
		SolutionGuid = {146CB212-C730-4939-99B6-827B90BDB9B4}
	EndGlobalSection
EndGlobal
