
Microsoft Visual Studio Solution File, Format Version 12.00
# Visual Studio Version 16
VisualStudioVersion = 16.0.31321.278
MinimumVisualStudioVersion = 10.0.40219.1
Project("{FAE04EC0-301F-11D3-BF4B-00C04F79EFBC}") = "MVCApp", "MVCApp.csproj", "{4083A275-B6BE-476A-9C92-8C133C72DD50}"
EndProject
Project("{FAE04EC0-301F-11D3-BF4B-00C04F79EFBC}") = "MVCApp.Tests", "..\MVCApp.Tests\MVCApp.Tests.csproj", "{06F411F0-6A9D-4ECC-AB6B-B29BB7D5971C}"
EndProject
Global
	GlobalSection(SolutionConfigurationPlatforms) = preSolution
		Debug|Any CPU = Debug|Any CPU
		Release|Any CPU = Release|Any CPU
	EndGlobalSection
	GlobalSection(ProjectConfigurationPlatforms) = postSolution
		{4083A275-B6BE-476A-9C92-8C133C72DD50}.Debug|Any CPU.ActiveCfg = Debug|Any CPU
		{4083A275-B6BE-476A-9C92-8C133C72DD50}.Debug|Any CPU.Build.0 = Debug|Any CPU
		{4083A275-B6BE-476A-9C92-8C133C72DD50}.Release|Any CPU.ActiveCfg = Release|Any CPU
		{4083A275-B6BE-476A-9C92-8C133C72DD50}.Release|Any CPU.Build.0 = Release|Any CPU
		{06F411F0-6A9D-4ECC-AB6B-B29BB7D5971C}.Debug|Any CPU.ActiveCfg = Debug|Any CPU
		{06F411F0-6A9D-4ECC-AB6B-B29BB7D5971C}.Debug|Any CPU.Build.0 = Debug|Any CPU
		{06F411F0-6A9D-4ECC-AB6B-B29BB7D5971C}.Release|Any CPU.ActiveCfg = Release|Any CPU
		{06F411F0-6A9D-4ECC-AB6B-B29BB7D5971C}.Release|Any CPU.Build.0 = Release|Any CPU
	EndGlobalSection
	GlobalSection(SolutionProperties) = preSolution
		HideSolutionNode = FALSE
	EndGlobalSection
	GlobalSection(ExtensibilityGlobals) = postSolution
		SolutionGuid = {EBF8F01F-933A-48C3-9B0B-A0E2A9933785}
	EndGlobalSection
EndGlobal
