
Microsoft Visual Studio Solution File, Format Version 12.00
# Visual Studio Version 17
VisualStudioVersion = 17.1.32319.34
MinimumVisualStudioVersion = 10.0.40219.1
Project("{FAE04EC0-301F-11D3-BF4B-00C04F79EFBC}") = "CollegeProjectMVC", "CollegeProjectMVC.csproj", "{644A4D66-FE14-48EC-8839-9975E160BCED}"
EndProject
Project("{FAE04EC0-301F-11D3-BF4B-00C04F79EFBC}") = "CollegeProjectMVC.Tests", "..\CollegeProjectMVC.Tests\CollegeProjectMVC.Tests.csproj", "{15361E2F-A870-4516-9DB3-C0BDD1AEBDEA}"
EndProject
Global
	GlobalSection(SolutionConfigurationPlatforms) = preSolution
		Debug|Any CPU = Debug|Any CPU
		Release|Any CPU = Release|Any CPU
	EndGlobalSection
	GlobalSection(ProjectConfigurationPlatforms) = postSolution
		{644A4D66-FE14-48EC-8839-9975E160BCED}.Debug|Any CPU.ActiveCfg = Debug|Any CPU
		{644A4D66-FE14-48EC-8839-9975E160BCED}.Debug|Any CPU.Build.0 = Debug|Any CPU
		{644A4D66-FE14-48EC-8839-9975E160BCED}.Release|Any CPU.ActiveCfg = Release|Any CPU
		{644A4D66-FE14-48EC-8839-9975E160BCED}.Release|Any CPU.Build.0 = Release|Any CPU
		{15361E2F-A870-4516-9DB3-C0BDD1AEBDEA}.Debug|Any CPU.ActiveCfg = Debug|Any CPU
		{15361E2F-A870-4516-9DB3-C0BDD1AEBDEA}.Debug|Any CPU.Build.0 = Debug|Any CPU
		{15361E2F-A870-4516-9DB3-C0BDD1AEBDEA}.Release|Any CPU.ActiveCfg = Release|Any CPU
		{15361E2F-A870-4516-9DB3-C0BDD1AEBDEA}.Release|Any CPU.Build.0 = Release|Any CPU
	EndGlobalSection
	GlobalSection(SolutionProperties) = preSolution
		HideSolutionNode = FALSE
	EndGlobalSection
	GlobalSection(ExtensibilityGlobals) = postSolution
		SolutionGuid = {BDF9C3F0-A9CA-4E03-B077-A08FFBF2B429}
	EndGlobalSection
EndGlobal
